<?xml version="1.0" encoding="utf-8"?>
<Project ToolsVersion="4.0" xmlns="http://schemas.microsoft.com/developer/msbuild/2003">
  <ItemGroup>
    <ClCompile Include="main.cpp" />
    <ClCompile Include="Object\Barrier.cpp" />
    <ClCompile Include="Object\Cone.cpp" />
    <ClCompile Include="Object\Enemy.cpp" />
    <ClCompile Include="Object\Item.cpp" />
    <ClCompile Include="Object\Oil.cpp" />
    <ClCompile Include="Object\Player.cpp" />
    <ClCompile Include="Object\RankingData.cpp" />
    <ClCompile Include="Scene\GameMainScene.cpp" />
    <ClCompile Include="Scene\HelpScene.cpp" />
    <ClCompile Include="Scene\RankingDispScene.cpp" />
    <ClCompile Include="Scene\RankingInputScene.cpp" />
    <ClCompile Include="Scene\ResultScene.cpp" />
    <ClCompile Include="Scene\SceneManager.cpp" />
    <ClCompile Include="Scene\TitleScene.cpp" />
    <ClCompile Include="Utility\InputControl.cpp" />
    <ClCompile Include="Credit.cpp" />
    <ClCompile Include="Utility\ResourceChecker.h.cpp" />
  </ItemGroup>
  <ItemGroup>
    <ClInclude Include="Object\Barrier.h" />
    <ClInclude Include="Object\Cone.h" />
    <ClInclude Include="Object\Enemy.h" />
    <ClInclude Include="Object\Item.h" />
    <ClInclude Include="Object\Oil.h" />
    <ClInclude Include="Object\Player.h" />
    <ClInclude Include="Object\RankingData.h" />
    <ClInclude Include="Scene\GameMainScene.h" />
    <ClInclude Include="Scene\HelpScene.h" />
    <ClInclude Include="Scene\RankingDispScene.h" />
    <ClInclude Include="Scene\RankingInputScene.h" />
    <ClInclude Include="Scene\ResultScene.h" />
    <ClInclude Include="Scene\SceneBase.h" />
    <ClInclude Include="Scene\SceneManager.h" />
    <ClInclude Include="Scene\TitleScene.h" />
    <ClInclude Include="Utility\inputControl.h" />
    <ClInclude Include="Utility\Vector2D.h" />
    <ClInclude Include="Utility\ResourceChecker.h" />
    <ClInclude Include="ResourceChecker.h" />
    <ClInclude Include="Credit.h" />
  </ItemGroup>
</Project>